
Microsoft Visual Studio Solution File, Format Version 12.00
# Visual Studio 15
VisualStudioVersion = 15.0.27428.1
MinimumVisualStudioVersion = 10.0.40219.1
Project("{FAE04EC0-301F-11D3-BF4B-00C04F79EFBC}") = "Assembly-Browser", "Assembly-Browser\Assembly-Browser.csproj", "{3A548957-5686-4A64-9180-291B78491116}"
EndProject
Project("{FAE04EC0-301F-11D3-BF4B-00C04F79EFBC}") = "Assembly-Browser-Reviewer", "Assembly-Browser-Reviewer\Assembly-Browser-Reviewer.csproj", "{74CEB64D-DAF0-4C6A-9F94-91E849E4C280}"
EndProject
Project("{FAE04EC0-301F-11D3-BF4B-00C04F79EFBC}") = "BrowserAssemblyTest", "BrowserAssemblyTest\BrowserAssemblyTest.csproj", "{4C5EF1C8-B3A8-4F4C-B6A2-544C65BA6569}"
EndProject
Project("{FAE04EC0-301F-11D3-BF4B-00C04F79EFBC}") = "TestProject", "TestProject\TestProject.csproj", "{16973020-F509-4720-B8DC-9B83745F0548}"
EndProject
Global
	GlobalSection(SolutionConfigurationPlatforms) = preSolution
		Debug|Any CPU = Debug|Any CPU
		Release|Any CPU = Release|Any CPU
	EndGlobalSection
	GlobalSection(ProjectConfigurationPlatforms) = postSolution
		{3A548957-5686-4A64-9180-291B78491116}.Debug|Any CPU.ActiveCfg = Debug|Any CPU
		{3A548957-5686-4A64-9180-291B78491116}.Debug|Any CPU.Build.0 = Debug|Any CPU
		{3A548957-5686-4A64-9180-291B78491116}.Release|Any CPU.ActiveCfg = Release|Any CPU
		{3A548957-5686-4A64-9180-291B78491116}.Release|Any CPU.Build.0 = Release|Any CPU
		{74CEB64D-DAF0-4C6A-9F94-91E849E4C280}.Debug|Any CPU.ActiveCfg = Debug|Any CPU
		{74CEB64D-DAF0-4C6A-9F94-91E849E4C280}.Debug|Any CPU.Build.0 = Debug|Any CPU
		{74CEB64D-DAF0-4C6A-9F94-91E849E4C280}.Release|Any CPU.ActiveCfg = Release|Any CPU
		{74CEB64D-DAF0-4C6A-9F94-91E849E4C280}.Release|Any CPU.Build.0 = Release|Any CPU
		{4C5EF1C8-B3A8-4F4C-B6A2-544C65BA6569}.Debug|Any CPU.ActiveCfg = Debug|Any CPU
		{4C5EF1C8-B3A8-4F4C-B6A2-544C65BA6569}.Debug|Any CPU.Build.0 = Debug|Any CPU
		{4C5EF1C8-B3A8-4F4C-B6A2-544C65BA6569}.Release|Any CPU.ActiveCfg = Release|Any CPU
		{4C5EF1C8-B3A8-4F4C-B6A2-544C65BA6569}.Release|Any CPU.Build.0 = Release|Any CPU
		{16973020-F509-4720-B8DC-9B83745F0548}.Debug|Any CPU.ActiveCfg = Debug|Any CPU
		{16973020-F509-4720-B8DC-9B83745F0548}.Debug|Any CPU.Build.0 = Debug|Any CPU
		{16973020-F509-4720-B8DC-9B83745F0548}.Release|Any CPU.ActiveCfg = Release|Any CPU
		{16973020-F509-4720-B8DC-9B83745F0548}.Release|Any CPU.Build.0 = Release|Any CPU
	EndGlobalSection
	GlobalSection(SolutionProperties) = preSolution
		HideSolutionNode = FALSE
	EndGlobalSection
	GlobalSection(ExtensibilityGlobals) = postSolution
		SolutionGuid = {67F44801-CFC4-43F8-91C1-5AEB14E6247F}
	EndGlobalSection
EndGlobal
